{
  "name": "ts-learn",
  "version": "1.0.0",
  "lockfileVersion": 2,
  "requires": true,
  "packages": {
    "": {
      "version": "1.0.0",
      "license": "ISC",
      "devDependencies": {
        "ts-node": "^10.0.0"
      }
    },
    "node_modules/@napi-rs/triples": {
      "version": "1.0.2",
      "resolved": "https://r.cnpmjs.org/@napi-rs/triples/download/@napi-rs/triples-1.0.2.tgz",
      "integrity": "sha1-LOTGp4VoNYdyAI9WTuUAkJPSChk=",
      "dev": true,
      "peer": true
    },
    "node_modules/@node-rs/helper": {
      "version": "1.2.0",
      "resolved": "https://r.cnpmjs.org/@node-rs/helper/download/@node-rs/helper-1.2.0.tgz",
      "integrity": "sha1-xyyfBFJ+5dZXAKxIQuPqIa0HFME=",
      "dev": true,
      "peer": true,
      "dependencies": {
        "@napi-rs/triples": "^1.0.2",
        "tslib": "^2.2.0"
      }
    },
    "node_modules/@swc/core": {
      "version": "1.2.60",
      "resolved": "https://r.cnpmjs.org/@swc/core/download/@swc/core-1.2.60.tgz",
      "integrity": "sha1-NwZNA+IWzWq5SogrHdbuyiezmlY=",
      "dev": true,
      "peer": true,
      "dependencies": {
        "@node-rs/helper": "^1.0.0"
      },
      "engines": {
        "node": ">=10"
      },
      "optionalDependencies": {
        "@swc/core-android-arm64": "^1.2.60",
        "@swc/core-darwin-arm64": "^1.2.60",
        "@swc/core-darwin-x64": "^1.2.60",
        "@swc/core-freebsd-x64": "^1.2.60",
        "@swc/core-linux-arm-gnueabihf": "^1.2.60",
        "@swc/core-linux-arm64-gnu": "^1.2.60",
        "@swc/core-linux-arm64-musl": "^1.2.60",
        "@swc/core-linux-x64-gnu": "^1.2.60",
        "@swc/core-linux-x64-musl": "^1.2.60",
        "@swc/core-win32-arm64-msvc": "^1.2.60",
        "@swc/core-win32-ia32-msvc": "^1.2.60",
        "@swc/core-win32-x64-msvc": "^1.2.60"
      }
    },
    "node_modules/@swc/core-android-arm64": {
      "version": "1.2.60",
      "resolved": "https://r.cnpmjs.org/@swc/core-android-arm64/download/@swc/core-android-arm64-1.2.60.tgz",
      "integrity": "sha1-ay3AJkq2V5VO44N+IUkmwrxjvcw=",
      "dev": true,
      "optional": true,
      "peer": true,
      "engines": {
        "node": ">=10"
      }
    },
    "node_modules/@swc/core-darwin-arm64": {
      "version": "1.2.60",
      "resolved": "https://r.cnpmjs.org/@swc/core-darwin-arm64/download/@swc/core-darwin-arm64-1.2.60.tgz",
      "integrity": "sha1-sePkFeRcModdwDFUqV8ShTz+X5E=",
      "dev": true,
      "optional": true,
      "peer": true,
      "engines": {
        "node": ">=10"
      }
    },
    "node_modules/@swc/core-darwin-x64": {
      "version": "1.2.60",
      "resolved": "https://r.cnpmjs.org/@swc/core-darwin-x64/download/@swc/core-darwin-x64-1.2.60.tgz",
      "integrity": "sha1-J+S/wPA8MCNOt/tGJOP+57L9B/M=",
      "dev": true,
      "optional": true,
      "peer": true,
      "engines": {
        "node": ">=10"
      }
    },
    "node_modules/@swc/core-freebsd-x64": {
      "version": "1.2.60",
      "resolved": "https://r.cnpmjs.org/@swc/core-freebsd-x64/download/@swc/core-freebsd-x64-1.2.60.tgz",
      "integrity": "sha1-tl7mZyLEmHpsfrF+mFyPfNMIP58=",
      "dev": true,
      "optional": true,
      "peer": true,
      "engines": {
        "node": ">=10"
      }
    },
    "node_modules/@swc/core-linux-arm-gnueabihf": {
      "version": "1.2.60",
      "resolved": "https://r.cnpmjs.org/@swc/core-linux-arm-gnueabihf/download/@swc/core-linux-arm-gnueabihf-1.2.60.tgz",
      "integrity": "sha1-ruNQeLtrPnkIEVjQ80rIa1pGC78=",
      "dev": true,
      "optional": true,
      "peer": true,
      "engines": {
        "node": ">=10"
      }
    },
    "node_modules/@swc/core-linux-arm64-gnu": {
      "version": "1.2.60",
      "resolved": "https://r.cnpmjs.org/@swc/core-linux-arm64-gnu/download/@swc/core-linux-arm64-gnu-1.2.60.tgz",
      "integrity": "sha1-wSfTTl9qnuuzwl1rxtzmpfl+/Go=",
      "dev": true,
      "optional": true,
      "peer": true,
      "engines": {
        "node": ">=10"
      }
    },
    "node_modules/@swc/core-linux-arm64-musl": {
      "version": "1.2.60",
      "resolved": "https://r.cnpmjs.org/@swc/core-linux-arm64-musl/download/@swc/core-linux-arm64-musl-1.2.60.tgz",
      "integrity": "sha1-qPpUANzc/VOKt+ZIMiivKFz+eEQ=",
      "dev": true,
      "optional": true,
      "peer": true,
      "engines": {
        "node": ">=10"
      }
    },
    "node_modules/@swc/core-linux-x64-gnu": {
      "version": "1.2.60",
      "resolved": "https://r.cnpmjs.org/@swc/core-linux-x64-gnu/download/@swc/core-linux-x64-gnu-1.2.60.tgz",
      "integrity": "sha1-b18tt9adqNWrTfypamZsoLIOAsk=",
      "dev": true,
      "optional": true,
      "peer": true,
      "engines": {
        "node": ">=10"
      }
    },
    "node_modules/@swc/core-linux-x64-musl": {
      "version": "1.2.60",
      "resolved": "https://r.cnpmjs.org/@swc/core-linux-x64-musl/download/@swc/core-linux-x64-musl-1.2.60.tgz",
      "integrity": "sha1-S5AWgZDInJNmRD/KCIliKCihUTA=",
      "dev": true,
      "optional": true,
      "peer": true,
      "engines": {
        "node": ">=10"
      }
    },
    "node_modules/@swc/core-win32-arm64-msvc": {
      "version": "1.2.60",
      "resolved": "https://r.cnpmjs.org/@swc/core-win32-arm64-msvc/download/@swc/core-win32-arm64-msvc-1.2.60.tgz",
      "integrity": "sha1-JgaqPmoLdfbl/LTPfFExwT+q9mw=",
      "dev": true,
      "optional": true,
      "peer": true,
      "engines": {
        "node": ">=10"
      }
    },
    "node_modules/@swc/core-win32-ia32-msvc": {
      "version": "1.2.60",
      "resolved": "https://r.cnpmjs.org/@swc/core-win32-ia32-msvc/download/@swc/core-win32-ia32-msvc-1.2.60.tgz",
      "integrity": "sha1-PTO6BkV0T8QfmPd8FHmpZ0o0hFM=",
      "dev": true,
      "optional": true,
      "peer": true,
      "engines": {
        "node": ">=10"
      }
    },
    "node_modules/@swc/core-win32-x64-msvc": {
      "version": "1.2.60",
      "resolved": "https://r.cnpmjs.org/@swc/core-win32-x64-msvc/download/@swc/core-win32-x64-msvc-1.2.60.tgz",
      "integrity": "sha1-rd+8GJ6SBYYIEy4RVndjjpjjmYU=",
      "dev": true,
      "optional": true,
      "peer": true,
      "engines": {
        "node": ">=10"
      }
    },
    "node_modules/@swc/wasm": {
      "version": "1.2.60",
      "resolved": "https://r.cnpmjs.org/@swc/wasm/download/@swc/wasm-1.2.60.tgz",
      "integrity": "sha1-2ssNjwyNxyJPeZwVSqQH2ktxXxE=",
      "dev": true,
      "peer": true
    },
    "node_modules/@tsconfig/node10": {
      "version": "1.0.8",
      "resolved": "https://r.cnpmjs.org/@tsconfig/node10/download/@tsconfig/node10-1.0.8.tgz",
      "integrity": "sha1-weToDW+WT77LM1nEO9SLQPfK2tk=",
      "dev": true
    },
    "node_modules/@tsconfig/node12": {
      "version": "1.0.8",
      "resolved": "https://r.cnpmjs.org/@tsconfig/node12/download/@tsconfig/node12-1.0.8.tgz",
      "integrity": "sha1-qIPWLwSaZP6h5WprvmaCjRHGJBs=",
      "dev": true
    },
    "node_modules/@tsconfig/node14": {
      "version": "1.0.1",
      "resolved": "https://r.cnpmjs.org/@tsconfig/node14/download/@tsconfig/node14-1.0.1.tgz",
      "integrity": "sha1-lfLRZ/+5uNIGiwsjUwL6/U33EfI=",
      "dev": true
    },
    "node_modules/@tsconfig/node16": {
      "version": "1.0.1",
      "resolved": "https://r.cnpmjs.org/@tsconfig/node16/download/@tsconfig/node16-1.0.1.tgz",
      "integrity": "sha1-pspqmg/zZq9DP0L18OEkeU/2uPE=",
      "dev": true
    },
    "node_modules/@types/node": {
      "version": "15.12.2",
      "resolved": "https://r.cnpmjs.org/@types/node/download/@types/node-15.12.2.tgz",
      "integrity": "sha1-HytCxL5xVv9Kb5FLL7A9BfqE440=",
      "dev": true,
      "peer": true
    },
    "node_modules/arg": {
      "version": "4.1.3",
      "resolved": "https://r.cnpmjs.org/arg/download/arg-4.1.3.tgz",
      "integrity": "sha1-Jp/HrVuOQstjyJbVZmAXJhwUQIk=",
      "dev": true
    },
    "node_modules/buffer-from": {
      "version": "1.1.1",
      "resolved": "https://r.cnpmjs.org/buffer-from/download/buffer-from-1.1.1.tgz",
      "integrity": "sha1-MnE7wCj3XAL9txDXx7zsHyxgcO8=",
      "dev": true
    },
    "node_modules/create-require": {
      "version": "1.1.1",
      "resolved": "https://r.cnpmjs.org/create-require/download/create-require-1.1.1.tgz",
      "integrity": "sha1-wdfo8eX2z8n/ZfnNNS03NIdWwzM=",
      "dev": true
    },
    "node_modules/diff": {
      "version": "4.0.2",
      "resolved": "https://r.cnpmjs.org/diff/download/diff-4.0.2.tgz",
      "integrity": "sha1-YPOuy4nV+uUgwRqhnvwruYKq3n0=",
      "dev": true,
      "engines": {
        "node": ">=0.3.1"
      }
    },
    "node_modules/make-error": {
      "version": "1.3.6",
      "resolved": "https://r.cnpmjs.org/make-error/download/make-error-1.3.6.tgz",
      "integrity": "sha1-LrLjfqm2fEiR9oShOUeZr0hM96I=",
      "dev": true
    },
    "node_modules/source-map": {
      "version": "0.6.1",
      "resolved": "https://r.cnpmjs.org/source-map/download/source-map-0.6.1.tgz",
      "integrity": "sha1-dHIq8y6WFOnCh6jQu95IteLxomM=",
      "dev": true,
      "engines": {
        "node": ">=0.10.0"
      }
    },
    "node_modules/source-map-support": {
      "version": "0.5.19",
      "resolved": "https://r.cnpmjs.org/source-map-support/download/source-map-support-0.5.19.tgz",
      "integrity": "sha1-qYti+G3K9PZzmWSMCFKRq56P7WE=",
      "dev": true,
      "dependencies": {
        "buffer-from": "^1.0.0",
        "source-map": "^0.6.0"
      }
    },
    "node_modules/ts-node": {
      "version": "10.0.0",
      "resolved": "https://r.cnpmjs.org/ts-node/download/ts-node-10.0.0.tgz",
      "integrity": "sha1-BfELmnFrC2JBKa1E8OoF2shLo74=",
      "dev": true,
      "dependencies": {
        "@tsconfig/node10": "^1.0.7",
        "@tsconfig/node12": "^1.0.7",
        "@tsconfig/node14": "^1.0.0",
        "@tsconfig/node16": "^1.0.1",
        "arg": "^4.1.0",
        "create-require": "^1.1.0",
        "diff": "^4.0.1",
        "make-error": "^1.1.1",
        "source-map-support": "^0.5.17",
        "yn": "3.1.1"
      },
      "bin": {
        "ts-node": "dist/bin.js",
        "ts-node-cwd": "dist/bin-cwd.js",
        "ts-node-script": "dist/bin-script.js",
        "ts-node-transpile-only": "dist/bin-transpile.js",
        "ts-script": "dist/bin-script-deprecated.js"
      },
      "engines": {
        "node": ">=12.0.0"
      },
      "peerDependencies": {
        "@swc/core": ">=1.2.45",
        "@swc/wasm": ">=1.2.45",
        "@types/node": "*",
        "typescript": ">=2.7"
      }
    },
    "node_modules/tslib": {
      "version": "2.2.0",
      "resolved": "https://r.cnpmjs.org/tslib/download/tslib-2.2.0.tgz",
      "integrity": "sha1-+yxHWXfjXiQTEe3iaTzuHsZpj1w=",
      "dev": true,
      "peer": true
    },
    "node_modules/typescript": {
      "version": "4.3.2",
      "resolved": "https://r.cnpmjs.org/typescript/download/typescript-4.3.2.tgz",
      "integrity": "sha1-OZqxiqxFgC1vJJjeUFT8u+cWqAU=",
      "dev": true,
      "peer": true,
      "bin": {
        "tsc": "bin/tsc",
        "tsserver": "bin/tsserver"
      },
      "engines": {
        "node": ">=4.2.0"
      }
    },
    "node_modules/yn": {
      "version": "3.1.1",
      "resolved": "https://r.cnpmjs.org/yn/download/yn-3.1.1.tgz",
      "integrity": "sha1-HodAGgnXZ8HV6rJqbkwYUYLS61A=",
      "dev": true,
      "engines": {
        "node": ">=6"
      }
    }
  },
  "dependencies": {
    "@napi-rs/triples": {
      "version": "1.0.2",
      "resolved": "https://r.cnpmjs.org/@napi-rs/triples/download/@napi-rs/triples-1.0.2.tgz",
      "integrity": "sha1-LOTGp4VoNYdyAI9WTuUAkJPSChk=",
      "dev": true,
      "peer": true
    },
    "@node-rs/helper": {
      "version": "1.2.0",
      "resolved": "https://r.cnpmjs.org/@node-rs/helper/download/@node-rs/helper-1.2.0.tgz",
      "integrity": "sha1-xyyfBFJ+5dZXAKxIQuPqIa0HFME=",
      "dev": true,
      "peer": true,
      "requires": {
        "@napi-rs/triples": "^1.0.2",
        "tslib": "^2.2.0"
      }
    },
    "@swc/core": {
      "version": "1.2.60",
      "resolved": "https://r.cnpmjs.org/@swc/core/download/@swc/core-1.2.60.tgz",
      "integrity": "sha1-NwZNA+IWzWq5SogrHdbuyiezmlY=",
      "dev": true,
      "peer": true,
      "requires": {
        "@node-rs/helper": "^1.0.0",
        "@swc/core-android-arm64": "^1.2.60",
        "@swc/core-darwin-arm64": "^1.2.60",
        "@swc/core-darwin-x64": "^1.2.60",
        "@swc/core-freebsd-x64": "^1.2.60",
        "@swc/core-linux-arm-gnueabihf": "^1.2.60",
        "@swc/core-linux-arm64-gnu": "^1.2.60",
        "@swc/core-linux-arm64-musl": "^1.2.60",
        "@swc/core-linux-x64-gnu": "^1.2.60",
        "@swc/core-linux-x64-musl": "^1.2.60",
        "@swc/core-win32-arm64-msvc": "^1.2.60",
        "@swc/core-win32-ia32-msvc": "^1.2.60",
        "@swc/core-win32-x64-msvc": "^1.2.60"
      }
    },
    "@swc/core-android-arm64": {
      "version": "1.2.60",
      "resolved": "https://r.cnpmjs.org/@swc/core-android-arm64/download/@swc/core-android-arm64-1.2.60.tgz",
      "integrity": "sha1-ay3AJkq2V5VO44N+IUkmwrxjvcw=",
      "dev": true,
      "optional": true,
      "peer": true
    },
    "@swc/core-darwin-arm64": {
      "version": "1.2.60",
      "resolved": "https://r.cnpmjs.org/@swc/core-darwin-arm64/download/@swc/core-darwin-arm64-1.2.60.tgz",
      "integrity": "sha1-sePkFeRcModdwDFUqV8ShTz+X5E=",
      "dev": true,
      "optional": true,
      "peer": true
    },
    "@swc/core-darwin-x64": {
      "version": "1.2.60",
      "resolved": "https://r.cnpmjs.org/@swc/core-darwin-x64/download/@swc/core-darwin-x64-1.2.60.tgz",
      "integrity": "sha1-J+S/wPA8MCNOt/tGJOP+57L9B/M=",
      "dev": true,
      "optional": true,
      "peer": true
    },
    "@swc/core-freebsd-x64": {
      "version": "1.2.60",
      "resolved": "https://r.cnpmjs.org/@swc/core-freebsd-x64/download/@swc/core-freebsd-x64-1.2.60.tgz",
      "integrity": "sha1-tl7mZyLEmHpsfrF+mFyPfNMIP58=",
      "dev": true,
      "optional": true,
      "peer": true
    },
    "@swc/core-linux-arm-gnueabihf": {
      "version": "1.2.60",
      "resolved": "https://r.cnpmjs.org/@swc/core-linux-arm-gnueabihf/download/@swc/core-linux-arm-gnueabihf-1.2.60.tgz",
      "integrity": "sha1-ruNQeLtrPnkIEVjQ80rIa1pGC78=",
      "dev": true,
      "optional": true,
      "peer": true
    },
    "@swc/core-linux-arm64-gnu": {
      "version": "1.2.60",
      "resolved": "https://r.cnpmjs.org/@swc/core-linux-arm64-gnu/download/@swc/core-linux-arm64-gnu-1.2.60.tgz",
      "integrity": "sha1-wSfTTl9qnuuzwl1rxtzmpfl+/Go=",
      "dev": true,
      "optional": true,
      "peer": true
    },
    "@swc/core-linux-arm64-musl": {
      "version": "1.2.60",
      "resolved": "https://r.cnpmjs.org/@swc/core-linux-arm64-musl/download/@swc/core-linux-arm64-musl-1.2.60.tgz",
      "integrity": "sha1-qPpUANzc/VOKt+ZIMiivKFz+eEQ=",
      "dev": true,
      "optional": true,
      "peer": true
    },
    "@swc/core-linux-x64-gnu": {
      "version": "1.2.60",
      "resolved": "https://r.cnpmjs.org/@swc/core-linux-x64-gnu/download/@swc/core-linux-x64-gnu-1.2.60.tgz",
      "integrity": "sha1-b18tt9adqNWrTfypamZsoLIOAsk=",
      "dev": true,
      "optional": true,
      "peer": true
    },
    "@swc/core-linux-x64-musl": {
      "version": "1.2.60",
      "resolved": "https://r.cnpmjs.org/@swc/core-linux-x64-musl/download/@swc/core-linux-x64-musl-1.2.60.tgz",
      "integrity": "sha1-S5AWgZDInJNmRD/KCIliKCihUTA=",
      "dev": true,
      "optional": true,
      "peer": true
    },
    "@swc/core-win32-arm64-msvc": {
      "version": "1.2.60",
      "resolved": "https://r.cnpmjs.org/@swc/core-win32-arm64-msvc/download/@swc/core-win32-arm64-msvc-1.2.60.tgz",
      "integrity": "sha1-JgaqPmoLdfbl/LTPfFExwT+q9mw=",
      "dev": true,
      "optional": true,
      "peer": true
    },
    "@swc/core-win32-ia32-msvc": {
      "version": "1.2.60",
      "resolved": "https://r.cnpmjs.org/@swc/core-win32-ia32-msvc/download/@swc/core-win32-ia32-msvc-1.2.60.tgz",
      "integrity": "sha1-PTO6BkV0T8QfmPd8FHmpZ0o0hFM=",
      "dev": true,
      "optional": true,
      "peer": true
    },
    "@swc/core-win32-x64-msvc": {
      "version": "1.2.60",
      "resolved": "https://r.cnpmjs.org/@swc/core-win32-x64-msvc/download/@swc/core-win32-x64-msvc-1.2.60.tgz",
      "integrity": "sha1-rd+8GJ6SBYYIEy4RVndjjpjjmYU=",
      "dev": true,
      "optional": true,
      "peer": true
    },
    "@swc/wasm": {
      "version": "1.2.60",
      "resolved": "https://r.cnpmjs.org/@swc/wasm/download/@swc/wasm-1.2.60.tgz",
      "integrity": "sha1-2ssNjwyNxyJPeZwVSqQH2ktxXxE=",
      "dev": true,
      "peer": true
    },
    "@tsconfig/node10": {
      "version": "1.0.8",
      "resolved": "https://r.cnpmjs.org/@tsconfig/node10/download/@tsconfig/node10-1.0.8.tgz",
      "integrity": "sha1-weToDW+WT77LM1nEO9SLQPfK2tk=",
      "dev": true
    },
    "@tsconfig/node12": {
      "version": "1.0.8",
      "resolved": "https://r.cnpmjs.org/@tsconfig/node12/download/@tsconfig/node12-1.0.8.tgz",
      "integrity": "sha1-qIPWLwSaZP6h5WprvmaCjRHGJBs=",
      "dev": true
    },
    "@tsconfig/node14": {
      "version": "1.0.1",
      "resolved": "https://r.cnpmjs.org/@tsconfig/node14/download/@tsconfig/node14-1.0.1.tgz",
      "integrity": "sha1-lfLRZ/+5uNIGiwsjUwL6/U33EfI=",
      "dev": true
    },
    "@tsconfig/node16": {
      "version": "1.0.1",
      "resolved": "https://r.cnpmjs.org/@tsconfig/node16/download/@tsconfig/node16-1.0.1.tgz",
      "integrity": "sha1-pspqmg/zZq9DP0L18OEkeU/2uPE=",
      "dev": true
    },
    "@types/node": {
      "version": "15.12.2",
      "resolved": "https://r.cnpmjs.org/@types/node/download/@types/node-15.12.2.tgz",
      "integrity": "sha1-HytCxL5xVv9Kb5FLL7A9BfqE440=",
      "dev": true,
      "peer": true
    },
    "arg": {
      "version": "4.1.3",
      "resolved": "https://r.cnpmjs.org/arg/download/arg-4.1.3.tgz",
      "integrity": "sha1-Jp/HrVuOQstjyJbVZmAXJhwUQIk=",
      "dev": true
    },
    "buffer-from": {
      "version": "1.1.1",
      "resolved": "https://r.cnpmjs.org/buffer-from/download/buffer-from-1.1.1.tgz",
      "integrity": "sha1-MnE7wCj3XAL9txDXx7zsHyxgcO8=",
      "dev": true
    },
    "create-require": {
      "version": "1.1.1",
      "resolved": "https://r.cnpmjs.org/create-require/download/create-require-1.1.1.tgz",
      "integrity": "sha1-wdfo8eX2z8n/ZfnNNS03NIdWwzM=",
      "dev": true
    },
    "diff": {
      "version": "4.0.2",
      "resolved": "https://r.cnpmjs.org/diff/download/diff-4.0.2.tgz",
      "integrity": "sha1-YPOuy4nV+uUgwRqhnvwruYKq3n0=",
      "dev": true
    },
    "make-error": {
      "version": "1.3.6",
      "resolved": "https://r.cnpmjs.org/make-error/download/make-error-1.3.6.tgz",
      "integrity": "sha1-LrLjfqm2fEiR9oShOUeZr0hM96I=",
      "dev": true
    },
    "source-map": {
      "version": "0.6.1",
      "resolved": "https://r.cnpmjs.org/source-map/download/source-map-0.6.1.tgz",
      "integrity": "sha1-dHIq8y6WFOnCh6jQu95IteLxomM=",
      "dev": true
    },
    "source-map-support": {
      "version": "0.5.19",
      "resolved": "https://r.cnpmjs.org/source-map-support/download/source-map-support-0.5.19.tgz",
      "integrity": "sha1-qYti+G3K9PZzmWSMCFKRq56P7WE=",
      "dev": true,
      "requires": {
        "buffer-from": "^1.0.0",
        "source-map": "^0.6.0"
      }
    },
    "ts-node": {
      "version": "10.0.0",
      "resolved": "https://r.cnpmjs.org/ts-node/download/ts-node-10.0.0.tgz",
      "integrity": "sha1-BfELmnFrC2JBKa1E8OoF2shLo74=",
      "dev": true,
      "requires": {
        "@tsconfig/node10": "^1.0.7",
        "@tsconfig/node12": "^1.0.7",
        "@tsconfig/node14": "^1.0.0",
        "@tsconfig/node16": "^1.0.1",
        "arg": "^4.1.0",
        "create-require": "^1.1.0",
        "diff": "^4.0.1",
        "make-error": "^1.1.1",
        "source-map-support": "^0.5.17",
        "yn": "3.1.1"
      }
    },
    "tslib": {
      "version": "2.2.0",
      "resolved": "https://r.cnpmjs.org/tslib/download/tslib-2.2.0.tgz",
      "integrity": "sha1-+yxHWXfjXiQTEe3iaTzuHsZpj1w=",
      "dev": true,
      "peer": true
    },
    "typescript": {
      "version": "4.3.2",
      "resolved": "https://r.cnpmjs.org/typescript/download/typescript-4.3.2.tgz",
      "integrity": "sha1-OZqxiqxFgC1vJJjeUFT8u+cWqAU=",
      "dev": true,
      "peer": true
    },
    "yn": {
      "version": "3.1.1",
      "resolved": "https://r.cnpmjs.org/yn/download/yn-3.1.1.tgz",
      "integrity": "sha1-HodAGgnXZ8HV6rJqbkwYUYLS61A=",
      "dev": true
    }
  }
}
